Microsoft Visual Studio Solution File, Format Version 11.00
# Visual Studio 2008

Project("{7455FC6E-534A-456E-5BF7-9BD5B8F44101}") = "Unity-Midi-Parser-master", "Assembly-CSharp.csproj", "{09DCB2FE-5F6E-9607-07A6-C53BA87FE5CF}"
EndProject
Project("{7455FC6E-534A-456E-5BF7-9BD5B8F44101}") = "Unity-Midi-Parser-master", "Assembly-CSharp-Editor.csproj", "{08D3754F-B4BF-DBD2-7F49-4CE6FE8CC74A}"
EndProject
Global
	GlobalSection(SolutionConfigurationPlatforms) = preSolution
		Debug|Any CPU = Debug|Any CPU
		Release|Any CPU = Release|Any CPU
	EndGlobalSection
	GlobalSection(ProjectConfigurationPlatforms) = postSolution
		{09DCB2FE-5F6E-9607-07A6-C53BA87FE5CF}.Debug|Any CPU.ActiveCfg = Debug|Any CPU
		{09DCB2FE-5F6E-9607-07A6-C53BA87FE5CF}.Debug|Any CPU.Build.0 = Debug|Any CPU
		{09DCB2FE-5F6E-9607-07A6-C53BA87FE5CF}.Release|Any CPU.ActiveCfg = Release|Any CPU
		{09DCB2FE-5F6E-9607-07A6-C53BA87FE5CF}.Release|Any CPU.Build.0 = Release|Any CPU
		{08D3754F-B4BF-DBD2-7F49-4CE6FE8CC74A}.Debug|Any CPU.ActiveCfg = Debug|Any CPU
		{08D3754F-B4BF-DBD2-7F49-4CE6FE8CC74A}.Debug|Any CPU.Build.0 = Debug|Any CPU
		{08D3754F-B4BF-DBD2-7F49-4CE6FE8CC74A}.Release|Any CPU.ActiveCfg = Release|Any CPU
		{08D3754F-B4BF-DBD2-7F49-4CE6FE8CC74A}.Release|Any CPU.Build.0 = Release|Any CPU
	EndGlobalSection
	GlobalSection(SolutionProperties) = preSolution
		HideSolutionNode = FALSE
	EndGlobalSection
	GlobalSection(MonoDevelopProperties) = preSolution
		StartupItem = Assembly-CSharp.csproj
	EndGlobalSection
EndGlobal
